
Microsoft Visual Studio Solution File, Format Version 12.00
# Visual Studio Version 17
VisualStudioVersion = 17.2.32616.157
MinimumVisualStudioVersion = 10.0.40219.1
Project("{9A19103F-16F7-4668-BE54-9A1E7A4F7556}") = "MvvmDemo", "MvvmCommand\MvvmDemo.csproj", "{78F23483-D0CE-4153-B6AA-3B9E7154A98C}"
EndProject
Project("{FAE04EC0-301F-11D3-BF4B-00C04F79EFBC}") = "AttachedPropertiesDemo", "AttachedPropertiesDemo\AttachedPropertiesDemo.csproj", "{A63DA5C2-DA12-4020-8580-B5E2CF6B6F5C}"
EndProject
Global
	GlobalSection(SolutionConfigurationPlatforms) = preSolution
		Debug|Any CPU = Debug|Any CPU
		Release|Any CPU = Release|Any CPU
	EndGlobalSection
	GlobalSection(ProjectConfigurationPlatforms) = postSolution
		{78F23483-D0CE-4153-B6AA-3B9E7154A98C}.Debug|Any CPU.ActiveCfg = Debug|Any CPU
		{78F23483-D0CE-4153-B6AA-3B9E7154A98C}.Debug|Any CPU.Build.0 = Debug|Any CPU
		{78F23483-D0CE-4153-B6AA-3B9E7154A98C}.Release|Any CPU.ActiveCfg = Release|Any CPU
		{78F23483-D0CE-4153-B6AA-3B9E7154A98C}.Release|Any CPU.Build.0 = Release|Any CPU
		{A63DA5C2-DA12-4020-8580-B5E2CF6B6F5C}.Debug|Any CPU.ActiveCfg = Debug|Any CPU
		{A63DA5C2-DA12-4020-8580-B5E2CF6B6F5C}.Debug|Any CPU.Build.0 = Debug|Any CPU
		{A63DA5C2-DA12-4020-8580-B5E2CF6B6F5C}.Release|Any CPU.ActiveCfg = Release|Any CPU
		{A63DA5C2-DA12-4020-8580-B5E2CF6B6F5C}.Release|Any CPU.Build.0 = Release|Any CPU
	EndGlobalSection
	GlobalSection(SolutionProperties) = preSolution
		HideSolutionNode = FALSE
	EndGlobalSection
	GlobalSection(ExtensibilityGlobals) = postSolution
		SolutionGuid = {4AA29A7A-84CC-401D-8B95-9BEC4FFF92C0}
	EndGlobalSection
EndGlobal
